
Microsoft Visual Studio Solution File, Format Version 12.00
Project("{FAE04EC0-301F-11D3-BF4B-00C04F79EFBC}") = "SHM.E2ETest", "SHM.E2ETest\SHM.E2ETest.csproj", "{942C8492-5EE0-40EC-A9E4-47902B3CA93F}"
EndProject
Project("{FAE04EC0-301F-11D3-BF4B-00C04F79EFBC}") = "SHM.ProfileService.Model", "..\ProfileService\SHM.ProfileService.Model\SHM.ProfileService.Model.csproj", "{9705A9DF-8126-4DCE-9E46-392443CA37D6}"
EndProject
Global
	GlobalSection(SolutionConfigurationPlatforms) = preSolution
		Debug|Any CPU = Debug|Any CPU
		Release|Any CPU = Release|Any CPU
	EndGlobalSection
	GlobalSection(ProjectConfigurationPlatforms) = postSolution
		{942C8492-5EE0-40EC-A9E4-47902B3CA93F}.Debug|Any CPU.ActiveCfg = Debug|Any CPU
		{942C8492-5EE0-40EC-A9E4-47902B3CA93F}.Debug|Any CPU.Build.0 = Debug|Any CPU
		{942C8492-5EE0-40EC-A9E4-47902B3CA93F}.Release|Any CPU.ActiveCfg = Release|Any CPU
		{942C8492-5EE0-40EC-A9E4-47902B3CA93F}.Release|Any CPU.Build.0 = Release|Any CPU
		{9705A9DF-8126-4DCE-9E46-392443CA37D6}.Debug|Any CPU.ActiveCfg = Debug|Any CPU
		{9705A9DF-8126-4DCE-9E46-392443CA37D6}.Debug|Any CPU.Build.0 = Debug|Any CPU
		{9705A9DF-8126-4DCE-9E46-392443CA37D6}.Release|Any CPU.ActiveCfg = Release|Any CPU
		{9705A9DF-8126-4DCE-9E46-392443CA37D6}.Release|Any CPU.Build.0 = Release|Any CPU
	EndGlobalSection
EndGlobal
