
Microsoft Visual Studio Solution File, Format Version 12.00
Project("{FAE04EC0-301F-11D3-BF4B-00C04F79EFBC}") = "SHM.NotificationService.API", "SHM.NotificationService.API\SHM.NotificationService.API.csproj", "{FAD02A44-2F85-462C-A98D-5C264B5BACE2}"
EndProject
Project("{FAE04EC0-301F-11D3-BF4B-00C04F79EFBC}") = "SHM.NotificationService", "SHM.NotificationService\SHM.NotificationService.csproj", "{F75718BD-353D-4670-A5B5-7C4C7B7BAE5E}"
EndProject
Global
	GlobalSection(SolutionConfigurationPlatforms) = preSolution
		Debug|Any CPU = Debug|Any CPU
		Release|Any CPU = Release|Any CPU
	EndGlobalSection
	GlobalSection(ProjectConfigurationPlatforms) = postSolution
		{FAD02A44-2F85-462C-A98D-5C264B5BACE2}.Debug|Any CPU.ActiveCfg = Debug|Any CPU
		{FAD02A44-2F85-462C-A98D-5C264B5BACE2}.Debug|Any CPU.Build.0 = Debug|Any CPU
		{FAD02A44-2F85-462C-A98D-5C264B5BACE2}.Release|Any CPU.ActiveCfg = Release|Any CPU
		{FAD02A44-2F85-462C-A98D-5C264B5BACE2}.Release|Any CPU.Build.0 = Release|Any CPU
		{F75718BD-353D-4670-A5B5-7C4C7B7BAE5E}.Debug|Any CPU.ActiveCfg = Debug|Any CPU
		{F75718BD-353D-4670-A5B5-7C4C7B7BAE5E}.Debug|Any CPU.Build.0 = Debug|Any CPU
		{F75718BD-353D-4670-A5B5-7C4C7B7BAE5E}.Release|Any CPU.ActiveCfg = Release|Any CPU
		{F75718BD-353D-4670-A5B5-7C4C7B7BAE5E}.Release|Any CPU.Build.0 = Release|Any CPU
	EndGlobalSection
	GlobalSection(NestedProjects) = preSolution
	EndGlobalSection
EndGlobal
